<?xml version="1.0" encoding="utf-8"?>
<Project ToolsVersion="17.0" xmlns="http://schemas.microsoft.com/developer/msbuild/2003">
  <ItemGroup>
    <ClCompile Include="C:\Users\micha\Documents\Champlain\GPR_460\Final\PlaydateProject_GPR460_Final\PlaydateCEngineProject\src\ImageManager.c">
      <Filter>Source Files</Filter>
    </ClCompile>
    <ClCompile Include="C:\Users\micha\Documents\Champlain\GPR_460\Final\PlaydateProject_GPR460_Final\PlaydateCEngineProject\src\main.c">
      <Filter>Source Files</Filter>
    </ClCompile>
  </ItemGroup>
  <ItemGroup>
    <ClInclude Include="C:\Users\micha\Documents\Champlain\GPR_460\Final\PlaydateProject_GPR460_Final\PlaydateCEngineProject\src\ImageManager.h">
      <Filter>Header Files</Filter>
    </ClInclude>
  </ItemGroup>
  <ItemGroup>
    <CustomBuild Include="C:\Users\micha\Documents\Champlain\GPR_460\Final\PlaydateProject_GPR460_Final\PlaydateCEngineProject\CMakeLists.txt" />
  </ItemGroup>
  <ItemGroup>
    <Filter Include="Header Files">
      <UniqueIdentifier>{3C812C2D-2509-3C99-87B5-5E4E9742DADB}</UniqueIdentifier>
    </Filter>
    <Filter Include="Source Files">
      <UniqueIdentifier>{E73FD2A8-5242-3501-85F2-B7478020CF5B}</UniqueIdentifier>
    </Filter>
  </ItemGroup>
</Project>
