
Microsoft Visual Studio Solution File, Format Version 12.00
# Visual Studio Version 17
Project("{8BC9CEB8-8B4A-11D0-8D11-00A0C91BC942}") = "ALL_BUILD", "ALL_BUILD.vcxproj", "{1C253352-7AE9-3CE9-8621-860BE03A47BF}"
	ProjectSection(ProjectDependencies) = postProject
		{1E59986C-9ED9-3701-A2A6-FF420F66CDC5} = {1E59986C-9ED9-3701-A2A6-FF420F66CDC5}
		{1E5AACD7-D0D8-3200-9ADF-EF6644029A15} = {1E5AACD7-D0D8-3200-9ADF-EF6644029A15}
	EndProjectSection
EndProject
Project("{8BC9CEB8-8B4A-11D0-8D11-00A0C91BC942}") = "ZERO_CHECK", "ZERO_CHECK.vcxproj", "{1E59986C-9ED9-3701-A2A6-FF420F66CDC5}"
	ProjectSection(ProjectDependencies) = postProject
	EndProjectSection
EndProject
Project("{8BC9CEB8-8B4A-11D0-8D11-00A0C91BC942}") = "playdate_c_project", "playdate_c_project.vcxproj", "{1E5AACD7-D0D8-3200-9ADF-EF6644029A15}"
	ProjectSection(ProjectDependencies) = postProject
		{1E59986C-9ED9-3701-A2A6-FF420F66CDC5} = {1E59986C-9ED9-3701-A2A6-FF420F66CDC5}
	EndProjectSection
EndProject
Global
	GlobalSection(SolutionConfigurationPlatforms) = preSolution
		Debug|x64 = Debug|x64
		Release|x64 = Release|x64
	EndGlobalSection
	GlobalSection(ProjectConfigurationPlatforms) = postSolution
		{1C253352-7AE9-3CE9-8621-860BE03A47BF}.Debug|x64.ActiveCfg = Debug|x64
		{1C253352-7AE9-3CE9-8621-860BE03A47BF}.Release|x64.ActiveCfg = Release|x64
		{1E59986C-9ED9-3701-A2A6-FF420F66CDC5}.Debug|x64.ActiveCfg = Debug|x64
		{1E59986C-9ED9-3701-A2A6-FF420F66CDC5}.Debug|x64.Build.0 = Debug|x64
		{1E59986C-9ED9-3701-A2A6-FF420F66CDC5}.Release|x64.ActiveCfg = Release|x64
		{1E59986C-9ED9-3701-A2A6-FF420F66CDC5}.Release|x64.Build.0 = Release|x64
		{1E5AACD7-D0D8-3200-9ADF-EF6644029A15}.Debug|x64.ActiveCfg = Debug|x64
		{1E5AACD7-D0D8-3200-9ADF-EF6644029A15}.Debug|x64.Build.0 = Debug|x64
		{1E5AACD7-D0D8-3200-9ADF-EF6644029A15}.Release|x64.ActiveCfg = Release|x64
		{1E5AACD7-D0D8-3200-9ADF-EF6644029A15}.Release|x64.Build.0 = Release|x64
	EndGlobalSection
	GlobalSection(ExtensibilityGlobals) = postSolution
		SolutionGuid = {A26342E2-EEB9-3A20-940A-15F8595A0FBD}
	EndGlobalSection
	GlobalSection(ExtensibilityAddIns) = postSolution
	EndGlobalSection
EndGlobal
